
Microsoft Visual Studio Solution File, Format Version 12.00
# Visual Studio Version 16
VisualStudioVersion = 16.0.30523.141
MinimumVisualStudioVersion = 10.0.40219.1
Project("{9A19103F-16F7-4668-BE54-9A1E7A4F7556}") = "EnhancedEnum", "EnhancedEnum.csproj", "{5188FEBD-BD59-4530-A81D-95CD07AC8FFE}"
EndProject
Project("{FAE04EC0-301F-11D3-BF4B-00C04F79EFBC}") = "EnhancedEnum.Tests", "..\EnhancedEnum.Tests\EnhancedEnum.Tests.csproj", "{1B83DEEB-3210-4754-845A-457A0BC29385}"
EndProject
Global
	GlobalSection(SolutionConfigurationPlatforms) = preSolution
		Debug|Any CPU = Debug|Any CPU
		Release|Any CPU = Release|Any CPU
	EndGlobalSection
	GlobalSection(ProjectConfigurationPlatforms) = postSolution
		{5188FEBD-BD59-4530-A81D-95CD07AC8FFE}.Debug|Any CPU.ActiveCfg = Debug|Any CPU
		{5188FEBD-BD59-4530-A81D-95CD07AC8FFE}.Debug|Any CPU.Build.0 = Debug|Any CPU
		{5188FEBD-BD59-4530-A81D-95CD07AC8FFE}.Release|Any CPU.ActiveCfg = Release|Any CPU
		{5188FEBD-BD59-4530-A81D-95CD07AC8FFE}.Release|Any CPU.Build.0 = Release|Any CPU
		{1B83DEEB-3210-4754-845A-457A0BC29385}.Debug|Any CPU.ActiveCfg = Debug|Any CPU
		{1B83DEEB-3210-4754-845A-457A0BC29385}.Debug|Any CPU.Build.0 = Debug|Any CPU
		{1B83DEEB-3210-4754-845A-457A0BC29385}.Release|Any CPU.ActiveCfg = Release|Any CPU
		{1B83DEEB-3210-4754-845A-457A0BC29385}.Release|Any CPU.Build.0 = Release|Any CPU
	EndGlobalSection
	GlobalSection(SolutionProperties) = preSolution
		HideSolutionNode = FALSE
	EndGlobalSection
	GlobalSection(ExtensibilityGlobals) = postSolution
		SolutionGuid = {64E3BF48-4E9B-4333-9F72-54ADB523F1E3}
	EndGlobalSection
EndGlobal
